// !$*UTF8*$!
{
	archiveVersion = 1;
	classes = {
	};
	objectVersion = 50;
	objects = {

/* Begin PBXBuildFile section */
		0457B0A421EE667400623575 /* heart.png in Resources */ = {isa = PBXBuildFile; fileRef = 0457B0A321EE667400623575 /* heart.png */; };
		0457B0A621EE667B00623575 /* notFound.png in Resources */ = {isa = PBXBuildFile; fileRef = 0457B0A521EE667B00623575 /* notFound.png */; };
		0457B0A921EEBB9500623575 /* FavoritesViewController.swift in Sources */ = {isa = PBXBuildFile; fileRef = 0457B0A821EEBB9500623575 /* FavoritesViewController.swift */; };
		0457B0AB21EEBD9100623575 /* RealmService.swift in Sources */ = {isa = PBXBuildFile; fileRef = 0457B0AA21EEBD9100623575 /* RealmService.swift */; };
		0457B0AD21EED9D300623575 /* RealmBook.swift in Sources */ = {isa = PBXBuildFile; fileRef = 0457B0AC21EED9D300623575 /* RealmBook.swift */; };
		04B1AD3B21E7962F00F37411 /* AppDelegate.swift in Sources */ = {isa = PBXBuildFile; fileRef = 04B1AD3A21E7962F00F37411 /* AppDelegate.swift */; };
		04B1AD3D21E7962F00F37411 /* ViewController.swift in Sources */ = {isa = PBXBuildFile; fileRef = 04B1AD3C21E7962F00F37411 /* ViewController.swift */; };
		04B1AD4021E7962F00F37411 /* Main.storyboard in Resources */ = {isa = PBXBuildFile; fileRef = 04B1AD3E21E7962F00F37411 /* Main.storyboard */; };
		04B1AD4321E7962F00F37411 /* BookSearch.xcdatamodeld in Sources */ = {isa = PBXBuildFile; fileRef = 04B1AD4121E7962F00F37411 /* BookSearch.xcdatamodeld */; };
		04B1AD4521E7963400F37411 /* Assets.xcassets in Resources */ = {isa = PBXBuildFile; fileRef = 04B1AD4421E7963400F37411 /* Assets.xcassets */; };
		04B1AD4821E7963400F37411 /* LaunchScreen.storyboard in Resources */ = {isa = PBXBuildFile; fileRef = 04B1AD4621E7963400F37411 /* LaunchScreen.storyboard */; };
		04B1AD5021E796BA00F37411 /* NetworkService.swift in Sources */ = {isa = PBXBuildFile; fileRef = 04B1AD4F21E796BA00F37411 /* NetworkService.swift */; };
		04B1AD5221E797D500F37411 /* Book.swift in Sources */ = {isa = PBXBuildFile; fileRef = 04B1AD5121E797D500F37411 /* Book.swift */; };
		04B1AD5421E8FB2900F37411 /* ViewModel.swift in Sources */ = {isa = PBXBuildFile; fileRef = 04B1AD5321E8FB2900F37411 /* ViewModel.swift */; };
		04B1AD5621ECF01F00F37411 /* BookCollectionViewCell.swift in Sources */ = {isa = PBXBuildFile; fileRef = 04B1AD5521ECF01F00F37411 /* BookCollectionViewCell.swift */; };
		04B1AD5A21EE343100F37411 /* BookCollectionViewCell.xib in Resources */ = {isa = PBXBuildFile; fileRef = 04B1AD5921EE343100F37411 /* BookCollectionViewCell.xib */; };
		E581927DC5014A1430FE0715 /* Pods_BookSearch.framework in Frameworks */ = {isa = PBXBuildFile; fileRef = F999196C4D9D15CCABD75992 /* Pods_BookSearch.framework */; };
/* End PBXBuildFile section */

/* Begin PBXFileReference section */
		0457B0A321EE667400623575 /* heart.png */ = {isa = PBXFileReference; lastKnownFileType = image.png; path = heart.png; sourceTree = "<group>"; };
		0457B0A521EE667B00623575 /* notFound.png */ = {isa = PBXFileReference; lastKnownFileType = image.png; path = notFound.png; sourceTree = "<group>"; };
		0457B0A821EEBB9500623575 /* FavoritesViewController.swift */ = {isa = PBXFileReference; lastKnownFileType = sourcecode.swift; path = FavoritesViewController.swift; sourceTree = "<group>"; };
		0457B0AA21EEBD9100623575 /* RealmService.swift */ = {isa = PBXFileReference; lastKnownFileType = sourcecode.swift; path = RealmService.swift; sourceTree = "<group>"; };
		0457B0AC21EED9D300623575 /* RealmBook.swift */ = {isa = PBXFileReference; lastKnownFileType = sourcecode.swift; path = RealmBook.swift; sourceTree = "<group>"; };
		04B1AD3721E7962F00F37411 /* BookSearch.app */ = {isa = PBXFileReference; explicitFileType = wrapper.application; includeInIndex = 0; path = BookSearch.app; sourceTree = BUILT_PRODUCTS_DIR; };
		04B1AD3A21E7962F00F37411 /* AppDelegate.swift */ = {isa = PBXFileReference; lastKnownFileType = sourcecode.swift; path = AppDelegate.swift; sourceTree = "<group>"; };
		04B1AD3C21E7962F00F37411 /* ViewController.swift */ = {isa = PBXFileReference; lastKnownFileType = sourcecode.swift; path = ViewController.swift; sourceTree = "<group>"; };
		04B1AD3F21E7962F00F37411 /* Base */ = {isa = PBXFileReference; lastKnownFileType = file.storyboard; name = Base; path = Base.lproj/Main.storyboard; sourceTree = "<group>"; };
		04B1AD4221E7962F00F37411 /* BookSearch.xcdatamodel */ = {isa = PBXFileReference; lastKnownFileType = wrapper.xcdatamodel; path = BookSearch.xcdatamodel; sourceTree = "<group>"; };
		04B1AD4421E7963400F37411 /* Assets.xcassets */ = {isa = PBXFileReference; lastKnownFileType = folder.assetcatalog; path = Assets.xcassets; sourceTree = "<group>"; };
		04B1AD4721E7963400F37411 /* Base */ = {isa = PBXFileReference; lastKnownFileType = file.storyboard; name = Base; path = Base.lproj/LaunchScreen.storyboard; sourceTree = "<group>"; };
		04B1AD4921E7963400F37411 /* Info.plist */ = {isa = PBXFileReference; lastKnownFileType = text.plist.xml; path = Info.plist; sourceTree = "<group>"; };
		04B1AD4F21E796BA00F37411 /* NetworkService.swift */ = {isa = PBXFileReference; lastKnownFileType = sourcecode.swift; path = NetworkService.swift; sourceTree = "<group>"; };
		04B1AD5121E797D500F37411 /* Book.swift */ = {isa = PBXFileReference; lastKnownFileType = sourcecode.swift; path = Book.swift; sourceTree = "<group>"; };
		04B1AD5321E8FB2900F37411 /* ViewModel.swift */ = {isa = PBXFileReference; lastKnownFileType = sourcecode.swift; path = ViewModel.swift; sourceTree = "<group>"; };
		04B1AD5521ECF01F00F37411 /* BookCollectionViewCell.swift */ = {isa = PBXFileReference; lastKnownFileType = sourcecode.swift; path = BookCollectionViewCell.swift; sourceTree = "<group>"; };
		04B1AD5921EE343100F37411 /* BookCollectionViewCell.xib */ = {isa = PBXFileReference; lastKnownFileType = file.xib; path = BookCollectionViewCell.xib; sourceTree = "<group>"; };
		72FFC9E0687F8666E7CB3994 /* Pods-BookSearch.debug.xcconfig */ = {isa = PBXFileReference; includeInIndex = 1; lastKnownFileType = text.xcconfig; name = "Pods-BookSearch.debug.xcconfig"; path = "Pods/Target Support Files/Pods-BookSearch/Pods-BookSearch.debug.xcconfig"; sourceTree = "<group>"; };
		E0F55C7712823C900F2EB69D /* Pods-BookSearch.release.xcconfig */ = {isa = PBXFileReference; includeInIndex = 1; lastKnownFileType = text.xcconfig; name = "Pods-BookSearch.release.xcconfig"; path = "Pods/Target Support Files/Pods-BookSearch/Pods-BookSearch.release.xcconfig"; sourceTree = "<group>"; };
		F999196C4D9D15CCABD75992 /* Pods_BookSearch.framework */ = {isa = PBXFileReference; explicitFileType = wrapper.framework; includeInIndex = 0; path = Pods_BookSearch.framework; sourceTree = BUILT_PRODUCTS_DIR; };
/* End PBXFileReference section */

/* Begin PBXFrameworksBuildPhase section */
		04B1AD3421E7962F00F37411 /* Frameworks */ = {
			isa = PBXFrameworksBuildPhase;
			buildActionMask = 2147483647;
			files = (
				E581927DC5014A1430FE0715 /* Pods_BookSearch.framework in Frameworks */,
			);
			runOnlyForDeploymentPostprocessing = 0;
		};
/* End PBXFrameworksBuildPhase section */

/* Begin PBXGroup section */
		0457B0A721EE668200623575 /* images */ = {
			isa = PBXGroup;
			children = (
				0457B0A321EE667400623575 /* heart.png */,
				0457B0A521EE667B00623575 /* notFound.png */,
			);
			name = images;
			path = "New Group";
			sourceTree = "<group>";
		};
		0457B0AE21EEDC7600623575 /* Model */ = {
			isa = PBXGroup;
			children = (
				04B1AD5121E797D500F37411 /* Book.swift */,
				0457B0AC21EED9D300623575 /* RealmBook.swift */,
			);
			path = Model;
			sourceTree = "<group>";
		};
		0457B0AF21EEDC8C00623575 /* View Controller */ = {
			isa = PBXGroup;
			children = (
				04B1AD3C21E7962F00F37411 /* ViewController.swift */,
				0457B0A821EEBB9500623575 /* FavoritesViewController.swift */,
			);
			path = "View Controller";
			sourceTree = "<group>";
		};
		0457B0B021EEDCA000623575 /* Service */ = {
			isa = PBXGroup;
			children = (
				04B1AD4F21E796BA00F37411 /* NetworkService.swift */,
				0457B0AA21EEBD9100623575 /* RealmService.swift */,
			);
			path = Service;
			sourceTree = "<group>";
		};
		0457B0B121EEDCB800623575 /* View */ = {
			isa = PBXGroup;
			children = (
				04B1AD5521ECF01F00F37411 /* BookCollectionViewCell.swift */,
				04B1AD5921EE343100F37411 /* BookCollectionViewCell.xib */,
			);
			path = View;
			sourceTree = "<group>";
		};
		04B1AD2E21E7962F00F37411 = {
			isa = PBXGroup;
			children = (
				04B1AD3921E7962F00F37411 /* BookSearch */,
				04B1AD3821E7962F00F37411 /* Products */,
				DECBF44985B652374149DA4B /* Pods */,
				07309722F230193240C8FDB9 /* Frameworks */,
			);
			sourceTree = "<group>";
		};
		04B1AD3821E7962F00F37411 /* Products */ = {
			isa = PBXGroup;
			children = (
				04B1AD3721E7962F00F37411 /* BookSearch.app */,
			);
			name = Products;
			sourceTree = "<group>";
		};
		04B1AD3921E7962F00F37411 /* BookSearch */ = {
			isa = PBXGroup;
			children = (
				04B1AD3A21E7962F00F37411 /* AppDelegate.swift */,
				04B1AD5321E8FB2900F37411 /* ViewModel.swift */,
				0457B0AF21EEDC8C00623575 /* View Controller */,
				0457B0B121EEDCB800623575 /* View */,
				0457B0AE21EEDC7600623575 /* Model */,
				0457B0B021EEDCA000623575 /* Service */,
				04B1AD3E21E7962F00F37411 /* Main.storyboard */,
				04B1AD4621E7963400F37411 /* LaunchScreen.storyboard */,
				04B1AD4421E7963400F37411 /* Assets.xcassets */,
				0457B0A721EE668200623575 /* images */,
				04B1AD4921E7963400F37411 /* Info.plist */,
				04B1AD4121E7962F00F37411 /* BookSearch.xcdatamodeld */,
			);
			path = BookSearch;
			sourceTree = "<group>";
		};
		07309722F230193240C8FDB9 /* Frameworks */ = {
			isa = PBXGroup;
			children = (
				F999196C4D9D15CCABD75992 /* Pods_BookSearch.framework */,
			);
			name = Frameworks;
			sourceTree = "<group>";
		};
		DECBF44985B652374149DA4B /* Pods */ = {
			isa = PBXGroup;
			children = (
				72FFC9E0687F8666E7CB3994 /* Pods-BookSearch.debug.xcconfig */,
				E0F55C7712823C900F2EB69D /* Pods-BookSearch.release.xcconfig */,
			);
			name = Pods;
			sourceTree = "<group>";
		};
/* End PBXGroup section */

/* Begin PBXNativeTarget section */
		04B1AD3621E7962F00F37411 /* BookSearch */ = {
			isa = PBXNativeTarget;
			buildConfigurationList = 04B1AD4C21E7963400F37411 /* Build configuration list for PBXNativeTarget "BookSearch" */;
			buildPhases = (
				6AACC11CC3F3B35D052DC9C6 /* [CP] Check Pods Manifest.lock */,
				04B1AD3321E7962F00F37411 /* Sources */,
				04B1AD3421E7962F00F37411 /* Frameworks */,
				04B1AD3521E7962F00F37411 /* Resources */,
				70FAEA2B7FD2553E8C10F065 /* [CP] Embed Pods Frameworks */,
			);
			buildRules = (
			);
			dependencies = (
			);
			name = BookSearch;
			productName = BookSearch;
			productReference = 04B1AD3721E7962F00F37411 /* BookSearch.app */;
			productType = "com.apple.product-type.application";
		};
/* End PBXNativeTarget section */

/* Begin PBXProject section */
		04B1AD2F21E7962F00F37411 /* Project object */ = {
			isa = PBXProject;
			attributes = {
				LastSwiftUpdateCheck = 1010;
				LastUpgradeCheck = 1010;
				ORGANIZATIONNAME = DMonaghan;
				TargetAttributes = {
					04B1AD3621E7962F00F37411 = {
						CreatedOnToolsVersion = 10.1;
					};
				};
			};
			buildConfigurationList = 04B1AD3221E7962F00F37411 /* Build configuration list for PBXProject "BookSearch" */;
			compatibilityVersion = "Xcode 9.3";
			developmentRegion = en;
			hasScannedForEncodings = 0;
			knownRegions = (
				en,
				Base,
			);
			mainGroup = 04B1AD2E21E7962F00F37411;
			productRefGroup = 04B1AD3821E7962F00F37411 /* Products */;
			projectDirPath = "";
			projectRoot = "";
			targets = (
				04B1AD3621E7962F00F37411 /* BookSearch */,
			);
		};
/* End PBXProject section */

/* Begin PBXResourcesBuildPhase section */
		04B1AD3521E7962F00F37411 /* Resources */ = {
			isa = PBXResourcesBuildPhase;
			buildActionMask = 2147483647;
			files = (
				04B1AD4821E7963400F37411 /* LaunchScreen.storyboard in Resources */,
				04B1AD4521E7963400F37411 /* Assets.xcassets in Resources */,
				0457B0A421EE667400623575 /* heart.png in Resources */,
				04B1AD4021E7962F00F37411 /* Main.storyboard in Resources */,
				0457B0A621EE667B00623575 /* notFound.png in Resources */,
				04B1AD5A21EE343100F37411 /* BookCollectionViewCell.xib in Resources */,
			);
			runOnlyForDeploymentPostprocessing = 0;
		};
/* End PBXResourcesBuildPhase section */

/* Begin PBXShellScriptBuildPhase section */
		6AACC11CC3F3B35D052DC9C6 /* [CP] Check Pods Manifest.lock */ = {
			isa = PBXShellScriptBuildPhase;
			buildActionMask = 2147483647;
			files = (
			);
			inputFileListPaths = (
			);
			inputPaths = (
				"${PODS_PODFILE_DIR_PATH}/Podfile.lock",
				"${PODS_ROOT}/Manifest.lock",
			);
			name = "[CP] Check Pods Manifest.lock";
			outputFileListPaths = (
			);
			outputPaths = (
				"$(DERIVED_FILE_DIR)/Pods-BookSearch-checkManifestLockResult.txt",
			);
			runOnlyForDeploymentPostprocessing = 0;
			shellPath = /bin/sh;
			shellScript = "diff \"${PODS_PODFILE_DIR_PATH}/Podfile.lock\" \"${PODS_ROOT}/Manifest.lock\" > /dev/null\nif [ $? != 0 ] ; then\n    # print error to STDERR\n    echo \"error: The sandbox is not in sync with the Podfile.lock. Run 'pod install' or update your CocoaPods installation.\" >&2\n    exit 1\nfi\n# This output is used by Xcode 'outputs' to avoid re-running this script phase.\necho \"SUCCESS\" > \"${SCRIPT_OUTPUT_FILE_0}\"\n";
			showEnvVarsInLog = 0;
		};
		70FAEA2B7FD2553E8C10F065 /* [CP] Embed Pods Frameworks */ = {
			isa = PBXShellScriptBuildPhase;
			buildActionMask = 2147483647;
			files = (
			);
			inputFileListPaths = (
			);
			inputPaths = (
				"${SRCROOT}/Pods/Target Support Files/Pods-BookSearch/Pods-BookSearch-frameworks.sh",
				"${BUILT_PRODUCTS_DIR}/Alamofire/Alamofire.framework",
				"${BUILT_PRODUCTS_DIR}/Realm/Realm.framework",
				"${BUILT_PRODUCTS_DIR}/RealmSwift/RealmSwift.framework",
				"${BUILT_PRODUCTS_DIR}/SDWebImage/SDWebImage.framework",
				"${BUILT_PRODUCTS_DIR}/SwiftyJSON/SwiftyJSON.framework",
				"${BUILT_PRODUCTS_DIR}/Unbox/Unbox.framework",
			);
			name = "[CP] Embed Pods Frameworks";
			outputFileListPaths = (
			);
			outputPaths = (
				"${TARGET_BUILD_DIR}/${FRAMEWORKS_FOLDER_PATH}/Alamofire.framework",
				"${TARGET_BUILD_DIR}/${FRAMEWORKS_FOLDER_PATH}/Realm.framework",
				"${TARGET_BUILD_DIR}/${FRAMEWORKS_FOLDER_PATH}/RealmSwift.framework",
				"${TARGET_BUILD_DIR}/${FRAMEWORKS_FOLDER_PATH}/SDWebImage.framework",
				"${TARGET_BUILD_DIR}/${FRAMEWORKS_FOLDER_PATH}/SwiftyJSON.framework",
				"${TARGET_BUILD_DIR}/${FRAMEWORKS_FOLDER_PATH}/Unbox.framework",
			);
			runOnlyForDeploymentPostprocessing = 0;
			shellPath = /bin/sh;
			shellScript = "\"${SRCROOT}/Pods/Target Support Files/Pods-BookSearch/Pods-BookSearch-frameworks.sh\"\n";
			showEnvVarsInLog = 0;
		};
/* End PBXShellScriptBuildPhase section */

/* Begin PBXSourcesBuildPhase section */
		04B1AD3321E7962F00F37411 /* Sources */ = {
			isa = PBXSourcesBuildPhase;
			buildActionMask = 2147483647;
			files = (
				04B1AD3D21E7962F00F37411 /* ViewController.swift in Sources */,
				04B1AD3B21E7962F00F37411 /* AppDelegate.swift in Sources */,
				0457B0A921EEBB9500623575 /* FavoritesViewController.swift in Sources */,
				04B1AD5021E796BA00F37411 /* NetworkService.swift in Sources */,
				0457B0AB21EEBD9100623575 /* RealmService.swift in Sources */,
				04B1AD5221E797D500F37411 /* Book.swift in Sources */,
				0457B0AD21EED9D300623575 /* RealmBook.swift in Sources */,
				04B1AD5621ECF01F00F37411 /* BookCollectionViewCell.swift in Sources */,
				04B1AD5421E8FB2900F37411 /* ViewModel.swift in Sources */,
				04B1AD4321E7962F00F37411 /* BookSearch.xcdatamodeld in Sources */,
			);
			runOnlyForDeploymentPostprocessing = 0;
		};
/* End PBXSourcesBuildPhase section */

/* Begin PBXVariantGroup section */
		04B1AD3E21E7962F00F37411 /* Main.storyboard */ = {
			isa = PBXVariantGroup;
			children = (
				04B1AD3F21E7962F00F37411 /* Base */,
			);
			name = Main.storyboard;
			sourceTree = "<group>";
		};
		04B1AD4621E7963400F37411 /* LaunchScreen.storyboard */ = {
			isa = PBXVariantGroup;
			children = (
				04B1AD4721E7963400F37411 /* Base */,
			);
			name = LaunchScreen.storyboard;
			sourceTree = "<group>";
		};
/* End PBXVariantGroup section */

/* Begin XCBuildConfiguration section */
		04B1AD4A21E7963400F37411 /* Debug */ = {
			isa = XCBuildConfiguration;
			buildSettings = {
				ALWAYS_SEARCH_USER_PATHS = NO;
				CLANG_ANALYZER_NONNULL = YES;
				CLANG_ANALYZER_NUMBER_OBJECT_CONVERSION = YES_AGGRESSIVE;
				CLANG_CXX_LANGUAGE_STANDARD = "gnu++14";
				CLANG_CXX_LIBRARY = "libc++";
				CLANG_ENABLE_MODULES = YES;
				CLANG_ENABLE_OBJC_ARC = YES;
				CLANG_ENABLE_OBJC_WEAK = YES;
				CLANG_WARN_BLOCK_CAPTURE_AUTORELEASING = YES;
				CLANG_WARN_BOOL_CONVERSION = YES;
				CLANG_WARN_COMMA = YES;
				CLANG_WARN_CONSTANT_CONVERSION = YES;
				CLANG_WARN_DEPRECATED_OBJC_IMPLEMENTATIONS = YES;
				CLANG_WARN_DIRECT_OBJC_ISA_USAGE = YES_ERROR;
				CLANG_WARN_DOCUMENTATION_COMMENTS = YES;
				CLANG_WARN_EMPTY_BODY = YES;
				CLANG_WARN_ENUM_CONVERSION = YES;
				CLANG_WARN_INFINITE_RECURSION = YES;
				CLANG_WARN_INT_CONVERSION = YES;
				CLANG_WARN_NON_LITERAL_NULL_CONVERSION = YES;
				CLANG_WARN_OBJC_IMPLICIT_RETAIN_SELF = YES;
				CLANG_WARN_OBJC_LITERAL_CONVERSION = YES;
				CLANG_WARN_OBJC_ROOT_CLASS = YES_ERROR;
				CLANG_WARN_RANGE_LOOP_ANALYSIS = YES;
				CLANG_WARN_STRICT_PROTOTYPES = YES;
				CLANG_WARN_SUSPICIOUS_MOVE = YES;
				CLANG_WARN_UNGUARDED_AVAILABILITY = YES_AGGRESSIVE;
				CLANG_WARN_UNREACHABLE_CODE = YES;
				CLANG_WARN__DUPLICATE_METHOD_MATCH = YES;
				CODE_SIGN_IDENTITY = "iPhone Developer";
				COPY_PHASE_STRIP = NO;
				DEBUG_INFORMATION_FORMAT = dwarf;
				ENABLE_STRICT_OBJC_MSGSEND = YES;
				ENABLE_TESTABILITY = YES;
				GCC_C_LANGUAGE_STANDARD = gnu11;
				GCC_DYNAMIC_NO_PIC = NO;
				GCC_NO_COMMON_BLOCKS = YES;
				GCC_OPTIMIZATION_LEVEL = 0;
				GCC_PREPROCESSOR_DEFINITIONS = (
					"DEBUG=1",
					"$(inherited)",
				);
				GCC_WARN_64_TO_32_BIT_CONVERSION = YES;
				GCC_WARN_ABOUT_RETURN_TYPE = YES_ERROR;
				GCC_WARN_UNDECLARED_SELECTOR = YES;
				GCC_WARN_UNINITIALIZED_AUTOS = YES_AGGRESSIVE;
				GCC_WARN_UNUSED_FUNCTION = YES;
				GCC_WARN_UNUSED_VARIABLE = YES;
				IPHONEOS_DEPLOYMENT_TARGET = 12.1;
				MTL_ENABLE_DEBUG_INFO = INCLUDE_SOURCE;
				MTL_FAST_MATH = YES;
				ONLY_ACTIVE_ARCH = YES;
				SDKROOT = iphoneos;
				SWIFT_ACTIVE_COMPILATION_CONDITIONS = DEBUG;
				SWIFT_OPTIMIZATION_LEVEL = "-Onone";
			};
			name = Debug;
		};
		04B1AD4B21E7963400F37411 /* Release */ = {
			isa = XCBuildConfiguration;
			buildSettings = {
				ALWAYS_SEARCH_USER_PATHS = NO;
				CLANG_ANALYZER_NONNULL = YES;
				CLANG_ANALYZER_NUMBER_OBJECT_CONVERSION = YES_AGGRESSIVE;
				CLANG_CXX_LANGUAGE_STANDARD = "gnu++14";
				CLANG_CXX_LIBRARY = "libc++";
				CLANG_ENABLE_MODULES = YES;
				CLANG_ENABLE_OBJC_ARC = YES;
				CLANG_ENABLE_OBJC_WEAK = YES;
				CLANG_WARN_BLOCK_CAPTURE_AUTORELEASING = YES;
				CLANG_WARN_BOOL_CONVERSION = YES;
				CLANG_WARN_COMMA = YES;
				CLANG_WARN_CONSTANT_CONVERSION = YES;
				CLANG_WARN_DEPRECATED_OBJC_IMPLEMENTATIONS = YES;
				CLANG_WARN_DIRECT_OBJC_ISA_USAGE = YES_ERROR;
				CLANG_WARN_DOCUMENTATION_COMMENTS = YES;
				CLANG_WARN_EMPTY_BODY = YES;
				CLANG_WARN_ENUM_CONVERSION = YES;
				CLANG_WARN_INFINITE_RECURSION = YES;
				CLANG_WARN_INT_CONVERSION = YES;
				CLANG_WARN_NON_LITERAL_NULL_CONVERSION = YES;
				CLANG_WARN_OBJC_IMPLICIT_RETAIN_SELF = YES;
				CLANG_WARN_OBJC_LITERAL_CONVERSION = YES;
				CLANG_WARN_OBJC_ROOT_CLASS = YES_ERROR;
				CLANG_WARN_RANGE_LOOP_ANALYSIS = YES;
				CLANG_WARN_STRICT_PROTOTYPES = YES;
				CLANG_WARN_SUSPICIOUS_MOVE = YES;
				CLANG_WARN_UNGUARDED_AVAILABILITY = YES_AGGRESSIVE;
				CLANG_WARN_UNREACHABLE_CODE = YES;
				CLANG_WARN__DUPLICATE_METHOD_MATCH = YES;
				CODE_SIGN_IDENTITY = "iPhone Developer";
				COPY_PHASE_STRIP = NO;
				DEBUG_INFORMATION_FORMAT = "dwarf-with-dsym";
				ENABLE_NS_ASSERTIONS = NO;
				ENABLE_STRICT_OBJC_MSGSEND = YES;
				GCC_C_LANGUAGE_STANDARD = gnu11;
				GCC_NO_COMMON_BLOCKS = YES;
				GCC_WARN_64_TO_32_BIT_CONVERSION = YES;
				GCC_WARN_ABOUT_RETURN_TYPE = YES_ERROR;
				GCC_WARN_UNDECLARED_SELECTOR = YES;
				GCC_WARN_UNINITIALIZED_AUTOS = YES_AGGRESSIVE;
				GCC_WARN_UNUSED_FUNCTION = YES;
				GCC_WARN_UNUSED_VARIABLE = YES;
				IPHONEOS_DEPLOYMENT_TARGET = 12.1;
				MTL_ENABLE_DEBUG_INFO = NO;
				MTL_FAST_MATH = YES;
				SDKROOT = iphoneos;
				SWIFT_COMPILATION_MODE = wholemodule;
				SWIFT_OPTIMIZATION_LEVEL = "-O";
				VALIDATE_PRODUCT = YES;
			};
			name = Release;
		};
		04B1AD4D21E7963400F37411 /* Debug */ = {
			isa = XCBuildConfiguration;
			baseConfigurationReference = 72FFC9E0687F8666E7CB3994 /* Pods-BookSearch.debug.xcconfig */;
			buildSettings = {
				ASSETCATALOG_COMPILER_APPICON_NAME = AppIcon;
				CODE_SIGN_IDENTITY = "iPhone Developer";
				CODE_SIGN_STYLE = Automatic;
				DEVELOPMENT_TEAM = A2SG75YUK4;
				INFOPLIST_FILE = BookSearch/Info.plist;
				LD_RUNPATH_SEARCH_PATHS = (
					"$(inherited)",
					"@executable_path/Frameworks",
				);
				PRODUCT_BUNDLE_IDENTIFIER = DMonaghan.BookSearch;
				PRODUCT_NAME = "$(TARGET_NAME)";
				PROVISIONING_PROFILE_SPECIFIER = "";
				SWIFT_VERSION = 4.2;
				TARGETED_DEVICE_FAMILY = "1,2";
			};
			name = Debug;
		};
		04B1AD4E21E7963400F37411 /* Release */ = {
			isa = XCBuildConfiguration;
			baseConfigurationReference = E0F55C7712823C900F2EB69D /* Pods-BookSearch.release.xcconfig */;
			buildSettings = {
				ASSETCATALOG_COMPILER_APPICON_NAME = AppIcon;
				CODE_SIGN_IDENTITY = "iPhone Developer";
				CODE_SIGN_STYLE = Automatic;
				DEVELOPMENT_TEAM = A2SG75YUK4;
				INFOPLIST_FILE = BookSearch/Info.plist;
				LD_RUNPATH_SEARCH_PATHS = (
					"$(inherited)",
					"@executable_path/Frameworks",
				);
				PRODUCT_BUNDLE_IDENTIFIER = DMonaghan.BookSearch;
				PRODUCT_NAME = "$(TARGET_NAME)";
				PROVISIONING_PROFILE_SPECIFIER = "";
				SWIFT_VERSION = 4.2;
				TARGETED_DEVICE_FAMILY = "1,2";
			};
			name = Release;
		};
/* End XCBuildConfiguration section */

/* Begin XCConfigurationList section */
		04B1AD3221E7962F00F37411 /* Build configuration list for PBXProject "BookSearch" */ = {
			isa = XCConfigurationList;
			buildConfigurations = (
				04B1AD4A21E7963400F37411 /* Debug */,
				04B1AD4B21E7963400F37411 /* Release */,
			);
			defaultConfigurationIsVisible = 0;
			defaultConfigurationName = Release;
		};
		04B1AD4C21E7963400F37411 /* Build configuration list for PBXNativeTarget "BookSearch" */ = {
			isa = XCConfigurationList;
			buildConfigurations = (
				04B1AD4D21E7963400F37411 /* Debug */,
				04B1AD4E21E7963400F37411 /* Release */,
			);
			defaultConfigurationIsVisible = 0;
			defaultConfigurationName = Release;
		};
/* End XCConfigurationList section */

/* Begin XCVersionGroup section */
		04B1AD4121E7962F00F37411 /* BookSearch.xcdatamodeld */ = {
			isa = XCVersionGroup;
			children = (
				04B1AD4221E7962F00F37411 /* BookSearch.xcdatamodel */,
			);
			currentVersion = 04B1AD4221E7962F00F37411 /* BookSearch.xcdatamodel */;
			path = BookSearch.xcdatamodeld;
			sourceTree = "<group>";
			versionGroupType = wrapper.xcdatamodel;
		};
/* End XCVersionGroup section */
	};
	rootObject = 04B1AD2F21E7962F00F37411 /* Project object */;
}
